
Microsoft Visual Studio Solution File, Format Version 10.00
# Visual Studio 2008
Project("{4925A630-B079-445d-BCD4-3A9C94FE9307}") = "ParadigmsProject", "ParadigmsProject.fsproj", "{f85e5b53-43bc-4551-9add-dfc2163e183a}"
EndProject
Global
	GlobalSection(SolutionConfigurationPlatforms) = preSolution
		Debug|Any CPU = Debug|Any CPU
		Release|Any CPU = Release|Any CPU
	EndGlobalSection
	GlobalSection(ProjectConfigurationPlatforms) = postSolution
		{f85e5b53-43bc-4551-9add-dfc2163e183a}.Debug|Any CPU.ActiveCfg = Debug|Any CPU
		{f85e5b53-43bc-4551-9add-dfc2163e183a}.Debug|Any CPU.Build.0 = Debug|Any CPU
		{f85e5b53-43bc-4551-9add-dfc2163e183a}.Release|Any CPU.ActiveCfg = Release|Any CPU
		{f85e5b53-43bc-4551-9add-dfc2163e183a}.Release|Any CPU.Build.0 = Release|Any CPU
	EndGlobalSection
	GlobalSection(MonoDevelopProperties) = preSolution
		StartupItem = ParadigmsProject.fsproj
		Policies = $0
		$0.TextStylePolicy = $1
		$1.FileWidth = 100
		$1.inheritsSet = VisualStudio
		$1.inheritsScope = text/plain
		$1.scope = text/x-fsharp
	EndGlobalSection
	GlobalSection(SolutionProperties) = preSolution
		HideSolutionNode = FALSE
	EndGlobalSection
EndGlobal
